// !$*UTF8*$!
{
	archiveVersion = 1;
	classes = {
	};
	objectVersion = 55;
	objects = {

/* Begin PBXBuildFile section */
		2A0710A428AC6CF50033B356 /* AppDelegate.swift in Sources */ = {isa = PBXBuildFile; fileRef = 2A0710A328AC6CF50033B356 /* AppDelegate.swift */; };
		2A0710A628AC6CF50033B356 /* SceneDelegate.swift in Sources */ = {isa = PBXBuildFile; fileRef = 2A0710A528AC6CF50033B356 /* SceneDelegate.swift */; };
		2A0710A828AC6CF50033B356 /* ViewController.swift in Sources */ = {isa = PBXBuildFile; fileRef = 2A0710A728AC6CF50033B356 /* ViewController.swift */; };
		2A0710AB28AC6CF50033B356 /* Main.storyboard in Resources */ = {isa = PBXBuildFile; fileRef = 2A0710A928AC6CF50033B356 /* Main.storyboard */; };
		2A0710AD28AC6CF60033B356 /* Assets.xcassets in Resources */ = {isa = PBXBuildFile; fileRef = 2A0710AC28AC6CF60033B356 /* Assets.xcassets */; };
		2A0710B028AC6CF60033B356 /* LaunchScreen.storyboard in Resources */ = {isa = PBXBuildFile; fileRef = 2A0710AE28AC6CF60033B356 /* LaunchScreen.storyboard */; };
		2A0710BB28AC6CF60033B356 /* pokemon_appTests.swift in Sources */ = {isa = PBXBuildFile; fileRef = 2A0710BA28AC6CF60033B356 /* pokemon_appTests.swift */; };
		2A0710C528AC6CF60033B356 /* pokemon_appUITests.swift in Sources */ = {isa = PBXBuildFile; fileRef = 2A0710C428AC6CF60033B356 /* pokemon_appUITests.swift */; };
		2A0710C728AC6CF60033B356 /* pokemon_appUITestsLaunchTests.swift in Sources */ = {isa = PBXBuildFile; fileRef = 2A0710C628AC6CF60033B356 /* pokemon_appUITestsLaunchTests.swift */; };
/* End PBXBuildFile section */

/* Begin PBXContainerItemProxy section */
		2A0710B728AC6CF60033B356 /* PBXContainerItemProxy */ = {
			isa = PBXContainerItemProxy;
			containerPortal = 2A07109828AC6CF50033B356 /* Project object */;
			proxyType = 1;
			remoteGlobalIDString = 2A07109F28AC6CF50033B356;
			remoteInfo = "pokemon-app";
		};
		2A0710C128AC6CF60033B356 /* PBXContainerItemProxy */ = {
			isa = PBXContainerItemProxy;
			containerPortal = 2A07109828AC6CF50033B356 /* Project object */;
			proxyType = 1;
			remoteGlobalIDString = 2A07109F28AC6CF50033B356;
			remoteInfo = "pokemon-app";
		};
/* End PBXContainerItemProxy section */

/* Begin PBXFileReference section */
		2A0710A028AC6CF50033B356 /* pokemon-app.app */ = {isa = PBXFileReference; explicitFileType = wrapper.application; includeInIndex = 0; path = "pokemon-app.app"; sourceTree = BUILT_PRODUCTS_DIR; };
		2A0710A328AC6CF50033B356 /* AppDelegate.swift */ = {isa = PBXFileReference; lastKnownFileType = sourcecode.swift; path = AppDelegate.swift; sourceTree = "<group>"; };
		2A0710A528AC6CF50033B356 /* SceneDelegate.swift */ = {isa = PBXFileReference; lastKnownFileType = sourcecode.swift; path = SceneDelegate.swift; sourceTree = "<group>"; };
		2A0710A728AC6CF50033B356 /* ViewController.swift */ = {isa = PBXFileReference; lastKnownFileType = sourcecode.swift; path = ViewController.swift; sourceTree = "<group>"; };
		2A0710AA28AC6CF50033B356 /* Base */ = {isa = PBXFileReference; lastKnownFileType = file.storyboard; name = Base; path = Base.lproj/Main.storyboard; sourceTree = "<group>"; };
		2A0710AC28AC6CF60033B356 /* Assets.xcassets */ = {isa = PBXFileReference; lastKnownFileType = folder.assetcatalog; path = Assets.xcassets; sourceTree = "<group>"; };
		2A0710AF28AC6CF60033B356 /* Base */ = {isa = PBXFileReference; lastKnownFileType = file.storyboard; name = Base; path = Base.lproj/LaunchScreen.storyboard; sourceTree = "<group>"; };
		2A0710B128AC6CF60033B356 /* Info.plist */ = {isa = PBXFileReference; lastKnownFileType = text.plist.xml; path = Info.plist; sourceTree = "<group>"; };
		2A0710B628AC6CF60033B356 /* pokemon-appTests.xctest */ = {isa = PBXFileReference; explicitFileType = wrapper.cfbundle; includeInIndex = 0; path = "pokemon-appTests.xctest"; sourceTree = BUILT_PRODUCTS_DIR; };
		2A0710BA28AC6CF60033B356 /* pokemon_appTests.swift */ = {isa = PBXFileReference; lastKnownFileType = sourcecode.swift; path = pokemon_appTests.swift; sourceTree = "<group>"; };
		2A0710C028AC6CF60033B356 /* pokemon-appUITests.xctest */ = {isa = PBXFileReference; explicitFileType = wrapper.cfbundle; includeInIndex = 0; path = "pokemon-appUITests.xctest"; sourceTree = BUILT_PRODUCTS_DIR; };
		2A0710C428AC6CF60033B356 /* pokemon_appUITests.swift */ = {isa = PBXFileReference; lastKnownFileType = sourcecode.swift; path = pokemon_appUITests.swift; sourceTree = "<group>"; };
		2A0710C628AC6CF60033B356 /* pokemon_appUITestsLaunchTests.swift */ = {isa = PBXFileReference; lastKnownFileType = sourcecode.swift; path = pokemon_appUITestsLaunchTests.swift; sourceTree = "<group>"; };
/* End PBXFileReference section */

/* Begin PBXFrameworksBuildPhase section */
		2A07109D28AC6CF50033B356 /* Frameworks */ = {
			isa = PBXFrameworksBuildPhase;
			buildActionMask = 2147483647;
			files = (
			);
			runOnlyForDeploymentPostprocessing = 0;
		};
		2A0710B328AC6CF60033B356 /* Frameworks */ = {
			isa = PBXFrameworksBuildPhase;
			buildActionMask = 2147483647;
			files = (
			);
			runOnlyForDeploymentPostprocessing = 0;
		};
		2A0710BD28AC6CF60033B356 /* Frameworks */ = {
			isa = PBXFrameworksBuildPhase;
			buildActionMask = 2147483647;
			files = (
			);
			runOnlyForDeploymentPostprocessing = 0;
		};
/* End PBXFrameworksBuildPhase section */

/* Begin PBXGroup section */
		2A07109728AC6CF50033B356 = {
			isa = PBXGroup;
			children = (
				2A0710A228AC6CF50033B356 /* pokemon-app */,
				2A0710B928AC6CF60033B356 /* pokemon-appTests */,
				2A0710C328AC6CF60033B356 /* pokemon-appUITests */,
				2A0710A128AC6CF50033B356 /* Products */,
			);
			sourceTree = "<group>";
		};
		2A0710A128AC6CF50033B356 /* Products */ = {
			isa = PBXGroup;
			children = (
				2A0710A028AC6CF50033B356 /* pokemon-app.app */,
				2A0710B628AC6CF60033B356 /* pokemon-appTests.xctest */,
				2A0710C028AC6CF60033B356 /* pokemon-appUITests.xctest */,
			);
			name = Products;
			sourceTree = "<group>";
		};
		2A0710A228AC6CF50033B356 /* pokemon-app */ = {
			isa = PBXGroup;
			children = (
				2A0710A328AC6CF50033B356 /* AppDelegate.swift */,
				2A0710A528AC6CF50033B356 /* SceneDelegate.swift */,
				2A0710A728AC6CF50033B356 /* ViewController.swift */,
				2A0710A928AC6CF50033B356 /* Main.storyboard */,
				2A0710AC28AC6CF60033B356 /* Assets.xcassets */,
				2A0710AE28AC6CF60033B356 /* LaunchScreen.storyboard */,
				2A0710B128AC6CF60033B356 /* Info.plist */,
			);
			path = "pokemon-app";
			sourceTree = "<group>";
		};
		2A0710B928AC6CF60033B356 /* pokemon-appTests */ = {
			isa = PBXGroup;
			children = (
				2A0710BA28AC6CF60033B356 /* pokemon_appTests.swift */,
			);
			path = "pokemon-appTests";
			sourceTree = "<group>";
		};
		2A0710C328AC6CF60033B356 /* pokemon-appUITests */ = {
			isa = PBXGroup;
			children = (
				2A0710C428AC6CF60033B356 /* pokemon_appUITests.swift */,
				2A0710C628AC6CF60033B356 /* pokemon_appUITestsLaunchTests.swift */,
			);
			path = "pokemon-appUITests";
			sourceTree = "<group>";
		};
/* End PBXGroup section */

/* Begin PBXNativeTarget section */
		2A07109F28AC6CF50033B356 /* pokemon-app */ = {
			isa = PBXNativeTarget;
			buildConfigurationList = 2A0710CA28AC6CF60033B356 /* Build configuration list for PBXNativeTarget "pokemon-app" */;
			buildPhases = (
				2A07109C28AC6CF50033B356 /* Sources */,
				2A07109D28AC6CF50033B356 /* Frameworks */,
				2A07109E28AC6CF50033B356 /* Resources */,
			);
			buildRules = (
			);
			dependencies = (
			);
			name = "pokemon-app";
			productName = "pokemon-app";
			productReference = 2A0710A028AC6CF50033B356 /* pokemon-app.app */;
			productType = "com.apple.product-type.application";
		};
		2A0710B528AC6CF60033B356 /* pokemon-appTests */ = {
			isa = PBXNativeTarget;
			buildConfigurationList = 2A0710CD28AC6CF60033B356 /* Build configuration list for PBXNativeTarget "pokemon-appTests" */;
			buildPhases = (
				2A0710B228AC6CF60033B356 /* Sources */,
				2A0710B328AC6CF60033B356 /* Frameworks */,
				2A0710B428AC6CF60033B356 /* Resources */,
			);
			buildRules = (
			);
			dependencies = (
				2A0710B828AC6CF60033B356 /* PBXTargetDependency */,
			);
			name = "pokemon-appTests";
			productName = "pokemon-appTests";
			productReference = 2A0710B628AC6CF60033B356 /* pokemon-appTests.xctest */;
			productType = "com.apple.product-type.bundle.unit-test";
		};
		2A0710BF28AC6CF60033B356 /* pokemon-appUITests */ = {
			isa = PBXNativeTarget;
			buildConfigurationList = 2A0710D028AC6CF60033B356 /* Build configuration list for PBXNativeTarget "pokemon-appUITests" */;
			buildPhases = (
				2A0710BC28AC6CF60033B356 /* Sources */,
				2A0710BD28AC6CF60033B356 /* Frameworks */,
				2A0710BE28AC6CF60033B356 /* Resources */,
			);
			buildRules = (
			);
			dependencies = (
				2A0710C228AC6CF60033B356 /* PBXTargetDependency */,
			);
			name = "pokemon-appUITests";
			productName = "pokemon-appUITests";
			productReference = 2A0710C028AC6CF60033B356 /* pokemon-appUITests.xctest */;
			productType = "com.apple.product-type.bundle.ui-testing";
		};
/* End PBXNativeTarget section */

/* Begin PBXProject section */
		2A07109828AC6CF50033B356 /* Project object */ = {
			isa = PBXProject;
			attributes = {
				BuildIndependentTargetsInParallel = 1;
				LastSwiftUpdateCheck = 1340;
				LastUpgradeCheck = 1340;
				TargetAttributes = {
					2A07109F28AC6CF50033B356 = {
						CreatedOnToolsVersion = 13.4.1;
					};
					2A0710B528AC6CF60033B356 = {
						CreatedOnToolsVersion = 13.4.1;
						TestTargetID = 2A07109F28AC6CF50033B356;
					};
					2A0710BF28AC6CF60033B356 = {
						CreatedOnToolsVersion = 13.4.1;
						TestTargetID = 2A07109F28AC6CF50033B356;
					};
				};
			};
			buildConfigurationList = 2A07109B28AC6CF50033B356 /* Build configuration list for PBXProject "pokemon-app" */;
			compatibilityVersion = "Xcode 13.0";
			developmentRegion = en;
			hasScannedForEncodings = 0;
			knownRegions = (
				en,
				Base,
			);
			mainGroup = 2A07109728AC6CF50033B356;
			productRefGroup = 2A0710A128AC6CF50033B356 /* Products */;
			projectDirPath = "";
			projectRoot = "";
			targets = (
				2A07109F28AC6CF50033B356 /* pokemon-app */,
				2A0710B528AC6CF60033B356 /* pokemon-appTests */,
				2A0710BF28AC6CF60033B356 /* pokemon-appUITests */,
			);
		};
/* End PBXProject section */

/* Begin PBXResourcesBuildPhase section */
		2A07109E28AC6CF50033B356 /* Resources */ = {
			isa = PBXResourcesBuildPhase;
			buildActionMask = 2147483647;
			files = (
				2A0710B028AC6CF60033B356 /* LaunchScreen.storyboard in Resources */,
				2A0710AD28AC6CF60033B356 /* Assets.xcassets in Resources */,
				2A0710AB28AC6CF50033B356 /* Main.storyboard in Resources */,
			);
			runOnlyForDeploymentPostprocessing = 0;
		};
		2A0710B428AC6CF60033B356 /* Resources */ = {
			isa = PBXResourcesBuildPhase;
			buildActionMask = 2147483647;
			files = (
			);
			runOnlyForDeploymentPostprocessing = 0;
		};
		2A0710BE28AC6CF60033B356 /* Resources */ = {
			isa = PBXResourcesBuildPhase;
			buildActionMask = 2147483647;
			files = (
			);
			runOnlyForDeploymentPostprocessing = 0;
		};
/* End PBXResourcesBuildPhase section */

/* Begin PBXSourcesBuildPhase section */
		2A07109C28AC6CF50033B356 /* Sources */ = {
			isa = PBXSourcesBuildPhase;
			buildActionMask = 2147483647;
			files = (
				2A0710A828AC6CF50033B356 /* ViewController.swift in Sources */,
				2A0710A428AC6CF50033B356 /* AppDelegate.swift in Sources */,
				2A0710A628AC6CF50033B356 /* SceneDelegate.swift in Sources */,
			);
			runOnlyForDeploymentPostprocessing = 0;
		};
		2A0710B228AC6CF60033B356 /* Sources */ = {
			isa = PBXSourcesBuildPhase;
			buildActionMask = 2147483647;
			files = (
				2A0710BB28AC6CF60033B356 /* pokemon_appTests.swift in Sources */,
			);
			runOnlyForDeploymentPostprocessing = 0;
		};
		2A0710BC28AC6CF60033B356 /* Sources */ = {
			isa = PBXSourcesBuildPhase;
			buildActionMask = 2147483647;
			files = (
				2A0710C728AC6CF60033B356 /* pokemon_appUITestsLaunchTests.swift in Sources */,
				2A0710C528AC6CF60033B356 /* pokemon_appUITests.swift in Sources */,
			);
			runOnlyForDeploymentPostprocessing = 0;
		};
/* End PBXSourcesBuildPhase section */

/* Begin PBXTargetDependency section */
		2A0710B828AC6CF60033B356 /* PBXTargetDependency */ = {
			isa = PBXTargetDependency;
			target = 2A07109F28AC6CF50033B356 /* pokemon-app */;
			targetProxy = 2A0710B728AC6CF60033B356 /* PBXContainerItemProxy */;
		};
		2A0710C228AC6CF60033B356 /* PBXTargetDependency */ = {
			isa = PBXTargetDependency;
			target = 2A07109F28AC6CF50033B356 /* pokemon-app */;
			targetProxy = 2A0710C128AC6CF60033B356 /* PBXContainerItemProxy */;
		};
/* End PBXTargetDependency section */

/* Begin PBXVariantGroup section */
		2A0710A928AC6CF50033B356 /* Main.storyboard */ = {
			isa = PBXVariantGroup;
			children = (
				2A0710AA28AC6CF50033B356 /* Base */,
			);
			name = Main.storyboard;
			sourceTree = "<group>";
		};
		2A0710AE28AC6CF60033B356 /* LaunchScreen.storyboard */ = {
			isa = PBXVariantGroup;
			children = (
				2A0710AF28AC6CF60033B356 /* Base */,
			);
			name = LaunchScreen.storyboard;
			sourceTree = "<group>";
		};
/* End PBXVariantGroup section */

/* Begin XCBuildConfiguration section */
		2A0710C828AC6CF60033B356 /* Debug */ = {
			isa = XCBuildConfiguration;
			buildSettings = {
				ALWAYS_SEARCH_USER_PATHS = NO;
				CLANG_ANALYZER_NONNULL = YES;
				CLANG_ANALYZER_NUMBER_OBJECT_CONVERSION = YES_AGGRESSIVE;
				CLANG_CXX_LANGUAGE_STANDARD = "gnu++17";
				CLANG_ENABLE_MODULES = YES;
				CLANG_ENABLE_OBJC_ARC = YES;
				CLANG_ENABLE_OBJC_WEAK = YES;
				CLANG_WARN_BLOCK_CAPTURE_AUTORELEASING = YES;
				CLANG_WARN_BOOL_CONVERSION = YES;
				CLANG_WARN_COMMA = YES;
				CLANG_WARN_CONSTANT_CONVERSION = YES;
				CLANG_WARN_DEPRECATED_OBJC_IMPLEMENTATIONS = YES;
				CLANG_WARN_DIRECT_OBJC_ISA_USAGE = YES_ERROR;
				CLANG_WARN_DOCUMENTATION_COMMENTS = YES;
				CLANG_WARN_EMPTY_BODY = YES;
				CLANG_WARN_ENUM_CONVERSION = YES;
				CLANG_WARN_INFINITE_RECURSION = YES;
				CLANG_WARN_INT_CONVERSION = YES;
				CLANG_WARN_NON_LITERAL_NULL_CONVERSION = YES;
				CLANG_WARN_OBJC_IMPLICIT_RETAIN_SELF = YES;
				CLANG_WARN_OBJC_LITERAL_CONVERSION = YES;
				CLANG_WARN_OBJC_ROOT_CLASS = YES_ERROR;
				CLANG_WARN_QUOTED_INCLUDE_IN_FRAMEWORK_HEADER = YES;
				CLANG_WARN_RANGE_LOOP_ANALYSIS = YES;
				CLANG_WARN_STRICT_PROTOTYPES = YES;
				CLANG_WARN_SUSPICIOUS_MOVE = YES;
				CLANG_WARN_UNGUARDED_AVAILABILITY = YES_AGGRESSIVE;
				CLANG_WARN_UNREACHABLE_CODE = YES;
				CLANG_WARN__DUPLICATE_METHOD_MATCH = YES;
				COPY_PHASE_STRIP = NO;
				DEBUG_INFORMATION_FORMAT = dwarf;
				ENABLE_STRICT_OBJC_MSGSEND = YES;
				ENABLE_TESTABILITY = YES;
				GCC_C_LANGUAGE_STANDARD = gnu11;
				GCC_DYNAMIC_NO_PIC = NO;
				GCC_NO_COMMON_BLOCKS = YES;
				GCC_OPTIMIZATION_LEVEL = 0;
				GCC_PREPROCESSOR_DEFINITIONS = (
					"DEBUG=1",
					"$(inherited)",
				);
				GCC_WARN_64_TO_32_BIT_CONVERSION = YES;
				GCC_WARN_ABOUT_RETURN_TYPE = YES_ERROR;
				GCC_WARN_UNDECLARED_SELECTOR = YES;
				GCC_WARN_UNINITIALIZED_AUTOS = YES_AGGRESSIVE;
				GCC_WARN_UNUSED_FUNCTION = YES;
				GCC_WARN_UNUSED_VARIABLE = YES;
				IPHONEOS_DEPLOYMENT_TARGET = 15.5;
				MTL_ENABLE_DEBUG_INFO = INCLUDE_SOURCE;
				MTL_FAST_MATH = YES;
				ONLY_ACTIVE_ARCH = YES;
				SDKROOT = iphoneos;
				SWIFT_ACTIVE_COMPILATION_CONDITIONS = DEBUG;
				SWIFT_OPTIMIZATION_LEVEL = "-Onone";
			};
			name = Debug;
		};
		2A0710C928AC6CF60033B356 /* Release */ = {
			isa = XCBuildConfiguration;
			buildSettings = {
				ALWAYS_SEARCH_USER_PATHS = NO;
				CLANG_ANALYZER_NONNULL = YES;
				CLANG_ANALYZER_NUMBER_OBJECT_CONVERSION = YES_AGGRESSIVE;
				CLANG_CXX_LANGUAGE_STANDARD = "gnu++17";
				CLANG_ENABLE_MODULES = YES;
				CLANG_ENABLE_OBJC_ARC = YES;
				CLANG_ENABLE_OBJC_WEAK = YES;
				CLANG_WARN_BLOCK_CAPTURE_AUTORELEASING = YES;
				CLANG_WARN_BOOL_CONVERSION = YES;
				CLANG_WARN_COMMA = YES;
				CLANG_WARN_CONSTANT_CONVERSION = YES;
				CLANG_WARN_DEPRECATED_OBJC_IMPLEMENTATIONS = YES;
				CLANG_WARN_DIRECT_OBJC_ISA_USAGE = YES_ERROR;
				CLANG_WARN_DOCUMENTATION_COMMENTS = YES;
				CLANG_WARN_EMPTY_BODY = YES;
				CLANG_WARN_ENUM_CONVERSION = YES;
				CLANG_WARN_INFINITE_RECURSION = YES;
				CLANG_WARN_INT_CONVERSION = YES;
				CLANG_WARN_NON_LITERAL_NULL_CONVERSION = YES;
				CLANG_WARN_OBJC_IMPLICIT_RETAIN_SELF = YES;
				CLANG_WARN_OBJC_LITERAL_CONVERSION = YES;
				CLANG_WARN_OBJC_ROOT_CLASS = YES_ERROR;
				CLANG_WARN_QUOTED_INCLUDE_IN_FRAMEWORK_HEADER = YES;
				CLANG_WARN_RANGE_LOOP_ANALYSIS = YES;
				CLANG_WARN_STRICT_PROTOTYPES = YES;
				CLANG_WARN_SUSPICIOUS_MOVE = YES;
				CLANG_WARN_UNGUARDED_AVAILABILITY = YES_AGGRESSIVE;
				CLANG_WARN_UNREACHABLE_CODE = YES;
				CLANG_WARN__DUPLICATE_METHOD_MATCH = YES;
				COPY_PHASE_STRIP = NO;
				DEBUG_INFORMATION_FORMAT = "dwarf-with-dsym";
				ENABLE_NS_ASSERTIONS = NO;
				ENABLE_STRICT_OBJC_MSGSEND = YES;
				GCC_C_LANGUAGE_STANDARD = gnu11;
				GCC_NO_COMMON_BLOCKS = YES;
				GCC_WARN_64_TO_32_BIT_CONVERSION = YES;
				GCC_WARN_ABOUT_RETURN_TYPE = YES_ERROR;
				GCC_WARN_UNDECLARED_SELECTOR = YES;
				GCC_WARN_UNINITIALIZED_AUTOS = YES_AGGRESSIVE;
				GCC_WARN_UNUSED_FUNCTION = YES;
				GCC_WARN_UNUSED_VARIABLE = YES;
				IPHONEOS_DEPLOYMENT_TARGET = 15.5;
				MTL_ENABLE_DEBUG_INFO = NO;
				MTL_FAST_MATH = YES;
				SDKROOT = iphoneos;
				SWIFT_COMPILATION_MODE = wholemodule;
				SWIFT_OPTIMIZATION_LEVEL = "-O";
				VALIDATE_PRODUCT = YES;
			};
			name = Release;
		};
		2A0710CB28AC6CF60033B356 /* Debug */ = {
			isa = XCBuildConfiguration;
			buildSettings = {
				ASSETCATALOG_COMPILER_APPICON_NAME = AppIcon;
				ASSETCATALOG_COMPILER_GLOBAL_ACCENT_COLOR_NAME = AccentColor;
				CODE_SIGN_STYLE = Automatic;
				CURRENT_PROJECT_VERSION = 1;
				GENERATE_INFOPLIST_FILE = YES;
				INFOPLIST_FILE = "pokemon-app/Info.plist";
				INFOPLIST_KEY_UIApplicationSupportsIndirectInputEvents = YES;
				INFOPLIST_KEY_UILaunchStoryboardName = LaunchScreen;
				INFOPLIST_KEY_UIMainStoryboardFile = Main;
				INFOPLIST_KEY_UISupportedInterfaceOrientations_iPad = "UIInterfaceOrientationPortrait UIInterfaceOrientationPortraitUpsideDown UIInterfaceOrientationLandscapeLeft UIInterfaceOrientationLandscapeRight";
				INFOPLIST_KEY_UISupportedInterfaceOrientations_iPhone = "UIInterfaceOrientationPortrait UIInterfaceOrientationLandscapeLeft UIInterfaceOrientationLandscapeRight";
				LD_RUNPATH_SEARCH_PATHS = (
					"$(inherited)",
					"@executable_path/Frameworks",
				);
				MARKETING_VERSION = 1.0;
				PRODUCT_BUNDLE_IDENTIFIER = "lobrien.pokemon-app";
				PRODUCT_NAME = "$(TARGET_NAME)";
				SWIFT_EMIT_LOC_STRINGS = YES;
				SWIFT_VERSION = 5.0;
				TARGETED_DEVICE_FAMILY = "1,2";
			};
			name = Debug;
		};
		2A0710CC28AC6CF60033B356 /* Release */ = {
			isa = XCBuildConfiguration;
			buildSettings = {
				ASSETCATALOG_COMPILER_APPICON_NAME = AppIcon;
				ASSETCATALOG_COMPILER_GLOBAL_ACCENT_COLOR_NAME = AccentColor;
				CODE_SIGN_STYLE = Automatic;
				CURRENT_PROJECT_VERSION = 1;
				GENERATE_INFOPLIST_FILE = YES;
				INFOPLIST_FILE = "pokemon-app/Info.plist";
				INFOPLIST_KEY_UIApplicationSupportsIndirectInputEvents = YES;
				INFOPLIST_KEY_UILaunchStoryboardName = LaunchScreen;
				INFOPLIST_KEY_UIMainStoryboardFile = Main;
				INFOPLIST_KEY_UISupportedInterfaceOrientations_iPad = "UIInterfaceOrientationPortrait UIInterfaceOrientationPortraitUpsideDown UIInterfaceOrientationLandscapeLeft UIInterfaceOrientationLandscapeRight";
				INFOPLIST_KEY_UISupportedInterfaceOrientations_iPhone = "UIInterfaceOrientationPortrait UIInterfaceOrientationLandscapeLeft UIInterfaceOrientationLandscapeRight";
				LD_RUNPATH_SEARCH_PATHS = (
					"$(inherited)",
					"@executable_path/Frameworks",
				);
				MARKETING_VERSION = 1.0;
				PRODUCT_BUNDLE_IDENTIFIER = "lobrien.pokemon-app";
				PRODUCT_NAME = "$(TARGET_NAME)";
				SWIFT_EMIT_LOC_STRINGS = YES;
				SWIFT_VERSION = 5.0;
				TARGETED_DEVICE_FAMILY = "1,2";
			};
			name = Release;
		};
		2A0710CE28AC6CF60033B356 /* Debug */ = {
			isa = XCBuildConfiguration;
			buildSettings = {
				ALWAYS_EMBED_SWIFT_STANDARD_LIBRARIES = YES;
				BUNDLE_LOADER = "$(TEST_HOST)";
				CODE_SIGN_STYLE = Automatic;
				CURRENT_PROJECT_VERSION = 1;
				GENERATE_INFOPLIST_FILE = YES;
				IPHONEOS_DEPLOYMENT_TARGET = 15.5;
				MARKETING_VERSION = 1.0;
				PRODUCT_BUNDLE_IDENTIFIER = "lobrien.pokemon-appTests";
				PRODUCT_NAME = "$(TARGET_NAME)";
				SWIFT_EMIT_LOC_STRINGS = NO;
				SWIFT_VERSION = 5.0;
				TARGETED_DEVICE_FAMILY = "1,2";
				TEST_HOST = "$(BUILT_PRODUCTS_DIR)/pokemon-app.app/pokemon-app";
			};
			name = Debug;
		};
		2A0710CF28AC6CF60033B356 /* Release */ = {
			isa = XCBuildConfiguration;
			buildSettings = {
				ALWAYS_EMBED_SWIFT_STANDARD_LIBRARIES = YES;
				BUNDLE_LOADER = "$(TEST_HOST)";
				CODE_SIGN_STYLE = Automatic;
				CURRENT_PROJECT_VERSION = 1;
				GENERATE_INFOPLIST_FILE = YES;
				IPHONEOS_DEPLOYMENT_TARGET = 15.5;
				MARKETING_VERSION = 1.0;
				PRODUCT_BUNDLE_IDENTIFIER = "lobrien.pokemon-appTests";
				PRODUCT_NAME = "$(TARGET_NAME)";
				SWIFT_EMIT_LOC_STRINGS = NO;
				SWIFT_VERSION = 5.0;
				TARGETED_DEVICE_FAMILY = "1,2";
				TEST_HOST = "$(BUILT_PRODUCTS_DIR)/pokemon-app.app/pokemon-app";
			};
			name = Release;
		};
		2A0710D128AC6CF60033B356 /* Debug */ = {
			isa = XCBuildConfiguration;
			buildSettings = {
				ALWAYS_EMBED_SWIFT_STANDARD_LIBRARIES = YES;
				CODE_SIGN_STYLE = Automatic;
				CURRENT_PROJECT_VERSION = 1;
				GENERATE_INFOPLIST_FILE = YES;
				MARKETING_VERSION = 1.0;
				PRODUCT_BUNDLE_IDENTIFIER = "lobrien.pokemon-appUITests";
				PRODUCT_NAME = "$(TARGET_NAME)";
				SWIFT_EMIT_LOC_STRINGS = NO;
				SWIFT_VERSION = 5.0;
				TARGETED_DEVICE_FAMILY = "1,2";
				TEST_TARGET_NAME = "pokemon-app";
			};
			name = Debug;
		};
		2A0710D228AC6CF60033B356 /* Release */ = {
			isa = XCBuildConfiguration;
			buildSettings = {
				ALWAYS_EMBED_SWIFT_STANDARD_LIBRARIES = YES;
				CODE_SIGN_STYLE = Automatic;
				CURRENT_PROJECT_VERSION = 1;
				GENERATE_INFOPLIST_FILE = YES;
				MARKETING_VERSION = 1.0;
				PRODUCT_BUNDLE_IDENTIFIER = "lobrien.pokemon-appUITests";
				PRODUCT_NAME = "$(TARGET_NAME)";
				SWIFT_EMIT_LOC_STRINGS = NO;
				SWIFT_VERSION = 5.0;
				TARGETED_DEVICE_FAMILY = "1,2";
				TEST_TARGET_NAME = "pokemon-app";
			};
			name = Release;
		};
/* End XCBuildConfiguration section */

/* Begin XCConfigurationList section */
		2A07109B28AC6CF50033B356 /* Build configuration list for PBXProject "pokemon-app" */ = {
			isa = XCConfigurationList;
			buildConfigurations = (
				2A0710C828AC6CF60033B356 /* Debug */,
				2A0710C928AC6CF60033B356 /* Release */,
			);
			defaultConfigurationIsVisible = 0;
			defaultConfigurationName = Release;
		};
		2A0710CA28AC6CF60033B356 /* Build configuration list for PBXNativeTarget "pokemon-app" */ = {
			isa = XCConfigurationList;
			buildConfigurations = (
				2A0710CB28AC6CF60033B356 /* Debug */,
				2A0710CC28AC6CF60033B356 /* Release */,
			);
			defaultConfigurationIsVisible = 0;
			defaultConfigurationName = Release;
		};
		2A0710CD28AC6CF60033B356 /* Build configuration list for PBXNativeTarget "pokemon-appTests" */ = {
			isa = XCConfigurationList;
			buildConfigurations = (
				2A0710CE28AC6CF60033B356 /* Debug */,
				2A0710CF28AC6CF60033B356 /* Release */,
			);
			defaultConfigurationIsVisible = 0;
			defaultConfigurationName = Release;
		};
		2A0710D028AC6CF60033B356 /* Build configuration list for PBXNativeTarget "pokemon-appUITests" */ = {
			isa = XCConfigurationList;
			buildConfigurations = (
				2A0710D128AC6CF60033B356 /* Debug */,
				2A0710D228AC6CF60033B356 /* Release */,
			);
			defaultConfigurationIsVisible = 0;
			defaultConfigurationName = Release;
		};
/* End XCConfigurationList section */
	};
	rootObject = 2A07109828AC6CF50033B356 /* Project object */;
}
